
Microsoft Visual Studio Solution File, Format Version 12.00
# Visual Studio Version 17
VisualStudioVersion = 17.0.32112.339
MinimumVisualStudioVersion = 10.0.40219.1
Project("{FAE04EC0-301F-11D3-BF4B-00C04F79EFBC}") = "MatchGame", "MatchGame\MatchGame.csproj", "{D9E158F0-0CE8-40DC-90AA-90D52891C503}"
EndProject
Global
	GlobalSection(SolutionConfigurationPlatforms) = preSolution
		Debug|Any CPU = Debug|Any CPU
		Release|Any CPU = Release|Any CPU
	EndGlobalSection
	GlobalSection(ProjectConfigurationPlatforms) = postSolution
		{D9E158F0-0CE8-40DC-90AA-90D52891C503}.Debug|Any CPU.ActiveCfg = Debug|Any CPU
		{D9E158F0-0CE8-40DC-90AA-90D52891C503}.Debug|Any CPU.Build.0 = Debug|Any CPU
		{D9E158F0-0CE8-40DC-90AA-90D52891C503}.Release|Any CPU.ActiveCfg = Release|Any CPU
		{D9E158F0-0CE8-40DC-90AA-90D52891C503}.Release|Any CPU.Build.0 = Release|Any CPU
	EndGlobalSection
	GlobalSection(SolutionProperties) = preSolution
		HideSolutionNode = FALSE
	EndGlobalSection
	GlobalSection(ExtensibilityGlobals) = postSolution
		SolutionGuid = {27506521-A949-4C8C-AFDF-586E9A9EDA06}
	EndGlobalSection
EndGlobal
